
Microsoft Visual Studio Solution File, Format Version 12.00
# Visual Studio Version 16
VisualStudioVersion = 16.0.30011.22
MinimumVisualStudioVersion = 10.0.40219.1
Project("{FAE04EC0-301F-11D3-BF4B-00C04F79EFBC}") = "ReadInt", "ReadInt.csproj", "{BEE303DB-F5BB-47D8-BD78-3837942C5B7C}"
EndProject
Global
	GlobalSection(SolutionConfigurationPlatforms) = preSolution
		Debug|Any CPU = Debug|Any CPU
		Release|Any CPU = Release|Any CPU
	EndGlobalSection
	GlobalSection(ProjectConfigurationPlatforms) = postSolution
		{BEE303DB-F5BB-47D8-BD78-3837942C5B7C}.Debug|Any CPU.ActiveCfg = Debug|Any CPU
		{BEE303DB-F5BB-47D8-BD78-3837942C5B7C}.Debug|Any CPU.Build.0 = Debug|Any CPU
		{BEE303DB-F5BB-47D8-BD78-3837942C5B7C}.Release|Any CPU.ActiveCfg = Release|Any CPU
		{BEE303DB-F5BB-47D8-BD78-3837942C5B7C}.Release|Any CPU.Build.0 = Release|Any CPU
	EndGlobalSection
	GlobalSection(SolutionProperties) = preSolution
		HideSolutionNode = FALSE
	EndGlobalSection
	GlobalSection(ExtensibilityGlobals) = postSolution
		SolutionGuid = {C16DCF10-E402-461D-BC3C-CA91FFA03E85}
	EndGlobalSection
EndGlobal
